
Microsoft Visual Studio Solution File, Format Version 12.00
# Visual Studio Version 17
VisualStudioVersion = 17.4.33213.308
MinimumVisualStudioVersion = 10.0.40219.1
Project("{FAE04EC0-301F-11D3-BF4B-00C04F79EFBC}") = "BuilderPattern", "BuilderPattern\BuilderPattern.csproj", "{F39A1B5F-681B-44E2-9312-654317B61687}"
EndProject
Global
	GlobalSection(SolutionConfigurationPlatforms) = preSolution
		Debug|Any CPU = Debug|Any CPU
		Release|Any CPU = Release|Any CPU
	EndGlobalSection
	GlobalSection(ProjectConfigurationPlatforms) = postSolution
		{F39A1B5F-681B-44E2-9312-654317B61687}.Debug|Any CPU.ActiveCfg = Debug|Any CPU
		{F39A1B5F-681B-44E2-9312-654317B61687}.Debug|Any CPU.Build.0 = Debug|Any CPU
		{F39A1B5F-681B-44E2-9312-654317B61687}.Release|Any CPU.ActiveCfg = Release|Any CPU
		{F39A1B5F-681B-44E2-9312-654317B61687}.Release|Any CPU.Build.0 = Release|Any CPU
	EndGlobalSection
	GlobalSection(SolutionProperties) = preSolution
		HideSolutionNode = FALSE
	EndGlobalSection
	GlobalSection(ExtensibilityGlobals) = postSolution
		SolutionGuid = {0E11165C-8666-473C-914A-2852815137B5}
	EndGlobalSection
EndGlobal
